
Microsoft Visual Studio Solution File, Format Version 12.00
# Visual Studio Version 16
VisualStudioVersion = 16.0.29806.167
MinimumVisualStudioVersion = 10.0.40219.1
Project("{8BC9CEB8-8B4A-11D0-8D11-00A0C91BC942}") = "MorrisTraversal", "MorrisTraversal.vcxproj", "{CF8A7EDB-819F-4DF0-847A-A52AC4AB113C}"
EndProject
Global
	GlobalSection(SolutionConfigurationPlatforms) = preSolution
		Debug|x64 = Debug|x64
		Debug|x86 = Debug|x86
		Release|x64 = Release|x64
		Release|x86 = Release|x86
	EndGlobalSection
	GlobalSection(ProjectConfigurationPlatforms) = postSolution
		{CF8A7EDB-819F-4DF0-847A-A52AC4AB113C}.Debug|x64.ActiveCfg = Debug|x64
		{CF8A7EDB-819F-4DF0-847A-A52AC4AB113C}.Debug|x64.Build.0 = Debug|x64
		{CF8A7EDB-819F-4DF0-847A-A52AC4AB113C}.Debug|x86.ActiveCfg = Debug|Win32
		{CF8A7EDB-819F-4DF0-847A-A52AC4AB113C}.Debug|x86.Build.0 = Debug|Win32
		{CF8A7EDB-819F-4DF0-847A-A52AC4AB113C}.Release|x64.ActiveCfg = Release|x64
		{CF8A7EDB-819F-4DF0-847A-A52AC4AB113C}.Release|x64.Build.0 = Release|x64
		{CF8A7EDB-819F-4DF0-847A-A52AC4AB113C}.Release|x86.ActiveCfg = Release|Win32
		{CF8A7EDB-819F-4DF0-847A-A52AC4AB113C}.Release|x86.Build.0 = Release|Win32
	EndGlobalSection
	GlobalSection(SolutionProperties) = preSolution
		HideSolutionNode = FALSE
	EndGlobalSection
	GlobalSection(ExtensibilityGlobals) = postSolution
		SolutionGuid = {5E2877EF-8834-42AC-AEEA-799039911058}
	EndGlobalSection
EndGlobal
