
Microsoft Visual Studio Solution File, Format Version 12.00
# Visual Studio Version 16
VisualStudioVersion = 16.0.29806.167
MinimumVisualStudioVersion = 10.0.40219.1
Project("{8BC9CEB8-8B4A-11D0-8D11-00A0C91BC942}") = "BitMap", "BitMap.vcxproj", "{F0F67F14-683D-46C5-A655-707A78523EED}"
EndProject
Global
	GlobalSection(SolutionConfigurationPlatforms) = preSolution
		Debug|x64 = Debug|x64
		Debug|x86 = Debug|x86
		Release|x64 = Release|x64
		Release|x86 = Release|x86
	EndGlobalSection
	GlobalSection(ProjectConfigurationPlatforms) = postSolution
		{F0F67F14-683D-46C5-A655-707A78523EED}.Debug|x64.ActiveCfg = Debug|x64
		{F0F67F14-683D-46C5-A655-707A78523EED}.Debug|x64.Build.0 = Debug|x64
		{F0F67F14-683D-46C5-A655-707A78523EED}.Debug|x86.ActiveCfg = Debug|Win32
		{F0F67F14-683D-46C5-A655-707A78523EED}.Debug|x86.Build.0 = Debug|Win32
		{F0F67F14-683D-46C5-A655-707A78523EED}.Release|x64.ActiveCfg = Release|x64
		{F0F67F14-683D-46C5-A655-707A78523EED}.Release|x64.Build.0 = Release|x64
		{F0F67F14-683D-46C5-A655-707A78523EED}.Release|x86.ActiveCfg = Release|Win32
		{F0F67F14-683D-46C5-A655-707A78523EED}.Release|x86.Build.0 = Release|Win32
	EndGlobalSection
	GlobalSection(SolutionProperties) = preSolution
		HideSolutionNode = FALSE
	EndGlobalSection
	GlobalSection(ExtensibilityGlobals) = postSolution
		SolutionGuid = {2D464012-AB88-4DC6-A371-189965C10A7E}
	EndGlobalSection
EndGlobal
